
Microsoft Visual Studio Solution File, Format Version 12.00
# Visual Studio Version 16
VisualStudioVersion = 16.0.28711.60
MinimumVisualStudioVersion = 10.0.40219.1
Project("{9A19103F-16F7-4668-BE54-9A1E7A4F7556}") = "HealthCatalystPeopleSearch", "HealthCatalystPeopleSearch\HealthCatalystPeopleSearch.csproj", "{552865BF-0D7C-4143-A82B-937E41ABB21D}"
EndProject
Global
	GlobalSection(SolutionConfigurationPlatforms) = preSolution
		Debug|Any CPU = Debug|Any CPU
		Release|Any CPU = Release|Any CPU
	EndGlobalSection
	GlobalSection(ProjectConfigurationPlatforms) = postSolution
		{552865BF-0D7C-4143-A82B-937E41ABB21D}.Debug|Any CPU.ActiveCfg = Debug|Any CPU
		{552865BF-0D7C-4143-A82B-937E41ABB21D}.Debug|Any CPU.Build.0 = Debug|Any CPU
		{552865BF-0D7C-4143-A82B-937E41ABB21D}.Release|Any CPU.ActiveCfg = Release|Any CPU
		{552865BF-0D7C-4143-A82B-937E41ABB21D}.Release|Any CPU.Build.0 = Release|Any CPU
	EndGlobalSection
	GlobalSection(SolutionProperties) = preSolution
		HideSolutionNode = FALSE
	EndGlobalSection
	GlobalSection(ExtensibilityGlobals) = postSolution
		SolutionGuid = {951EAC4F-38A1-43F3-8714-2087565ADBFC}
	EndGlobalSection
EndGlobal
